
Microsoft Visual Studio Solution File, Format Version 12.00
# Visual Studio Version 17
VisualStudioVersion = 17.8.34330.188
MinimumVisualStudioVersion = 10.0.40219.1
Project("{FAE04EC0-301F-11D3-BF4B-00C04F79EFBC}") = "AcademyEFCore_NET7", "AcademyEFCore_NET7.csproj", "{5D850BA1-145F-4D12-B3F6-B7514FDBC45E}"
EndProject
Global
	GlobalSection(SolutionConfigurationPlatforms) = preSolution
		Debug|Any CPU = Debug|Any CPU
		Release|Any CPU = Release|Any CPU
	EndGlobalSection
	GlobalSection(ProjectConfigurationPlatforms) = postSolution
		{5D850BA1-145F-4D12-B3F6-B7514FDBC45E}.Debug|Any CPU.ActiveCfg = Debug|Any CPU
		{5D850BA1-145F-4D12-B3F6-B7514FDBC45E}.Debug|Any CPU.Build.0 = Debug|Any CPU
		{5D850BA1-145F-4D12-B3F6-B7514FDBC45E}.Release|Any CPU.ActiveCfg = Release|Any CPU
		{5D850BA1-145F-4D12-B3F6-B7514FDBC45E}.Release|Any CPU.Build.0 = Release|Any CPU
	EndGlobalSection
	GlobalSection(SolutionProperties) = preSolution
		HideSolutionNode = FALSE
	EndGlobalSection
	GlobalSection(ExtensibilityGlobals) = postSolution
		SolutionGuid = {5321DB9E-F053-4A6E-AC7C-0D35654D73B4}
	EndGlobalSection
EndGlobal
